
Microsoft Visual Studio Solution File, Format Version 12.00
# Visual Studio Version 17
VisualStudioVersion = 17.6.33723.286
MinimumVisualStudioVersion = 10.0.40219.1
Project("{FAE04EC0-301F-11D3-BF4B-00C04F79EFBC}") = "Calculator", "Calculator\Calculator.csproj", "{31AE96E9-A53F-4416-A29C-C8D4E48AA7B8}"
EndProject
Global
	GlobalSection(SolutionConfigurationPlatforms) = preSolution
		Debug|Any CPU = Debug|Any CPU
		Release|Any CPU = Release|Any CPU
	EndGlobalSection
	GlobalSection(ProjectConfigurationPlatforms) = postSolution
		{31AE96E9-A53F-4416-A29C-C8D4E48AA7B8}.Debug|Any CPU.ActiveCfg = Debug|Any CPU
		{31AE96E9-A53F-4416-A29C-C8D4E48AA7B8}.Debug|Any CPU.Build.0 = Debug|Any CPU
		{31AE96E9-A53F-4416-A29C-C8D4E48AA7B8}.Release|Any CPU.ActiveCfg = Release|Any CPU
		{31AE96E9-A53F-4416-A29C-C8D4E48AA7B8}.Release|Any CPU.Build.0 = Release|Any CPU
	EndGlobalSection
	GlobalSection(SolutionProperties) = preSolution
		HideSolutionNode = FALSE
	EndGlobalSection
	GlobalSection(ExtensibilityGlobals) = postSolution
		SolutionGuid = {1BD76A82-4802-47C6-8478-74399042B064}
	EndGlobalSection
EndGlobal
